<?xml version="1.0" encoding="utf-8"?>
<Project ToolsVersion="4.0" xmlns="http://schemas.microsoft.com/developer/msbuild/2003">
  <ItemGroup>
    <FxCompile Include="Shaders\shaders.hlsl">
      <Filter>Shaders</Filter>
    </FxCompile>
    <FxCompile Include="Shaders\DSA_shader.hlsl">
      <Filter>Shaders</Filter>
    </FxCompile>
  </ItemGroup>
  <ItemGroup>
    <ClCompile Include="BasicMeshObject.cpp" />
    <ClCompile Include="D3D12Renderer.cpp" />
    <ClCompile Include="D3D12ResourceManager.cpp" />
    <ClCompile Include="D3D_Util\D3DUtil.cpp" />
    <ClCompile Include="DescriptorAllocator.cpp" />
    <ClCompile Include="DescriptorPool.cpp" />
    <ClCompile Include="FBXCommon.cpp" />
    <ClCompile Include="main.cpp" />
    <ClCompile Include="pch.cpp" />
    <ClCompile Include="SimpleConstantBufferPool.cpp" />
    <ClCompile Include="GameObject.cpp" />
  </ItemGroup>
  <ItemGroup>
    <ClInclude Include="BasicMeshObject.h" />
    <ClInclude Include="CodeDependency.h" />
    <ClInclude Include="D3D12Renderer.h" />
    <ClInclude Include="D3D12ResourceManager.h" />
    <ClInclude Include="D3D_Util\D3DUtil.h" />
    <ClInclude Include="DescriptorAllocator.h" />
    <ClInclude Include="DescriptorPool.h" />
    <ClInclude Include="FBXCommon.h" />
    <ClInclude Include="pch.h" />
    <ClInclude Include="Resource.h" />
    <ClInclude Include="SIMD_Interface.h" />
    <ClInclude Include="SimpleConstantBufferPool.h" />
    <ClInclude Include="stb_image.h" />
    <ClInclude Include="targetver.h" />
    <ClInclude Include="typedef.h" />
    <ClInclude Include="arr_expend.h" />
    <ClInclude Include="Utill_FreeMemory.h" />
    <ClInclude Include="GameObject.h" />
  </ItemGroup>
  <ItemGroup>
    <ResourceCompile Include="FBXReader.rc" />
  </ItemGroup>
  <ItemGroup>
    <Image Include="FBXReader.ico" />
    <Image Include="small.ico" />
  </ItemGroup>
  <ItemGroup>
    <None Include="packages.config" />
  </ItemGroup>
  <ItemGroup>
    <Text Include="memo.txt" />
  </ItemGroup>
  <ItemGroup>
    <Filter Include="Shaders">
      <UniqueIdentifier>{b94f76b3-2e86-4f85-8afb-15d760c585af}</UniqueIdentifier>
    </Filter>
  </ItemGroup>
</Project>