<?xml version="1.0" encoding="utf-8"?>
<Project ToolsVersion="4.0" xmlns="http://schemas.microsoft.com/developer/msbuild/2003">
  <ItemGroup>
    <FxCompile Include="Resources\Shaders\DefaultShader.hlsl">
      <Filter>Shaders</Filter>
    </FxCompile>
    <FxCompile Include="Resources\Shaders\DefaultShader_withShadow.hlsl">
      <Filter>Shaders</Filter>
    </FxCompile>
    <FxCompile Include="Resources\Shaders\DiffuseTextureShader.hlsl">
      <Filter>Shaders</Filter>
    </FxCompile>
    <FxCompile Include="Resources\Shaders\OnlyColorShader.hlsl">
      <Filter>Shaders</Filter>
    </FxCompile>
    <FxCompile Include="Particle.hlsl">
      <Filter>Shaders</Filter>
    </FxCompile>
    <FxCompile Include="Resources\Shaders\PBRShader01.hlsl">
      <Filter>Shaders</Filter>
    </FxCompile>
    <FxCompile Include="Resources\Shaders\PBRShader01_InstancingwithShadow.hlsl">
      <Filter>Shaders</Filter>
    </FxCompile>
    <FxCompile Include="Resources\Shaders\PBRShader01_SkinMeshwithShadow.hlsl">
      <Filter>Shaders</Filter>
    </FxCompile>
    <FxCompile Include="Resources\Shaders\PBRShader01_withShadow.hlsl">
      <Filter>Shaders</Filter>
    </FxCompile>
    <FxCompile Include="Resources\Shaders\ScreenCharactorRenderShader.hlsl">
      <Filter>Shaders</Filter>
    </FxCompile>
    <FxCompile Include="Resources\Shaders\Skybox.hlsl">
      <Filter>Shaders</Filter>
    </FxCompile>
    <FxCompile Include="Resources\Shaders\TestComputeShader.hlsl">
      <Filter>Shaders</Filter>
    </FxCompile>
    <FxCompile Include="Resources\Shaders\SDF\SDFTextShader.hlsl">
      <Filter>Shaders\SDF</Filter>
    </FxCompile>
    <FxCompile Include="Resources\Shaders\RayTracing\Raytracing.hlsl">
      <Filter>Shaders\Raytracing</Filter>
    </FxCompile>
    <FxCompile Include="Resources\Shaders\AnimationCompute\ComputeSkinMeshGeometry.hlsl">
      <Filter>Shaders\AnimationCompute</Filter>
    </FxCompile>
    <FxCompile Include="Resources\Shaders\AnimationCompute\ModifyBoneAnimLocalMatrix.hlsl">
      <Filter>Shaders\AnimationCompute</Filter>
    </FxCompile>
    <FxCompile Include="Resources\Shaders\AnimationCompute\ModifyLocalToWorldMatrix.hlsl">
      <Filter>Shaders\AnimationCompute</Filter>
    </FxCompile>
  </ItemGroup>
  <ItemGroup>
    <ClCompile Include="GameObject.cpp">
      <Filter>Sources</Filter>
    </ClCompile>
    <ClCompile Include="main.cpp">
      <Filter>Sources</Filter>
    </ClCompile>
    <ClCompile Include="Render.cpp">
      <Filter>Sources</Filter>
    </ClCompile>
    <ClCompile Include="stdafx.cpp">
      <Filter>Sources</Filter>
    </ClCompile>
    <ClCompile Include="third_party\meshoptimizer\src\allocator.cpp">
      <Filter>Sources\Utill</Filter>
    </ClCompile>
    <ClCompile Include="D3D_Util\D3DUtil.cpp">
      <Filter>Sources\Utill</Filter>
    </ClCompile>
    <ClCompile Include="DDSTextureLoader12.cpp">
      <Filter>Sources\Utill</Filter>
    </ClCompile>
    <ClCompile Include="third_party\meshoptimizer\src\indexgenerator.cpp">
      <Filter>Sources\Utill</Filter>
    </ClCompile>
    <ClCompile Include="MeshSimplifier.cpp">
      <Filter>Sources\Utill</Filter>
    </ClCompile>
    <ClCompile Include="D3D_Util\ShaderUtil.cpp">
      <Filter>Sources\Utill</Filter>
    </ClCompile>
    <ClCompile Include="third_party\meshoptimizer\src\simplifier.cpp">
      <Filter>Sources\Utill</Filter>
    </ClCompile>
    <ClCompile Include="SpaceMath.cpp">
      <Filter>Sources\Utill</Filter>
    </ClCompile>
    <ClCompile Include="third_party\meshoptimizer\src\vcacheoptimizer.cpp">
      <Filter>Sources\Utill</Filter>
    </ClCompile>
    <ClCompile Include="third_party\meshoptimizer\src\vfetchoptimizer.cpp">
      <Filter>Sources\Utill</Filter>
    </ClCompile>
    <ClCompile Include="Game.cpp">
      <Filter>Sources</Filter>
    </ClCompile>
  </ItemGroup>
  <ItemGroup>
    <ClInclude Include="Game.h">
      <Filter>Headers</Filter>
    </ClInclude>
    <ClInclude Include="GameObject.h">
      <Filter>Headers</Filter>
    </ClInclude>
    <ClInclude Include="main.h">
      <Filter>Headers</Filter>
    </ClInclude>
    <ClInclude Include="NetworkDefs.h">
      <Filter>Headers</Filter>
    </ClInclude>
    <ClInclude Include="..\..\SyncFPSServer\SyncFPSServer\Protocol.h">
      <Filter>Headers</Filter>
    </ClInclude>
    <ClInclude Include="Render.h">
      <Filter>Headers</Filter>
    </ClInclude>
    <ClInclude Include="resource.h">
      <Filter>Headers</Filter>
    </ClInclude>
    <ClInclude Include="stdafx.h">
      <Filter>Headers</Filter>
    </ClInclude>
    <ClInclude Include="D3D_Util\D3DUtil.h">
      <Filter>Headers\Utill</Filter>
    </ClInclude>
    <ClInclude Include="d3dx12.h">
      <Filter>Headers\Utill</Filter>
    </ClInclude>
    <ClInclude Include="DDSTextureLoader12.h">
      <Filter>Headers\Utill</Filter>
    </ClInclude>
    <ClInclude Include="D3D_Util\DirectXRaytracingHelper.h">
      <Filter>Headers\Utill</Filter>
    </ClInclude>
    <ClInclude Include="D3D_Util\DXSampleHelper.h">
      <Filter>Headers\Utill</Filter>
    </ClInclude>
    <ClInclude Include="third_party\meshoptimizer\src\meshoptimizer.h">
      <Filter>Headers\Utill</Filter>
    </ClInclude>
    <ClInclude Include="MeshSimplifier.h">
      <Filter>Headers\Utill</Filter>
    </ClInclude>
    <ClInclude Include="D3D_Util\pch.h">
      <Filter>Headers\Utill</Filter>
    </ClInclude>
    <ClInclude Include="D3D_Util\ShaderUtil.h">
      <Filter>Headers\Utill</Filter>
    </ClInclude>
    <ClInclude Include="SpaceMath.h">
      <Filter>Headers\Utill</Filter>
    </ClInclude>
    <ClInclude Include="stb_image.h">
      <Filter>Headers\Utill</Filter>
    </ClInclude>
    <ClInclude Include="ttfParser.h">
      <Filter>Headers\Utill</Filter>
    </ClInclude>
    <ClInclude Include="Utill_ImageFormating.h">
      <Filter>Headers\Utill</Filter>
    </ClInclude>
    <ClInclude Include="Utill_Wave.h">
      <Filter>Headers\Utill</Filter>
    </ClInclude>
    <ClInclude Include="vecset.h">
      <Filter>Headers\Utill</Filter>
    </ClInclude>
  </ItemGroup>
  <ItemGroup>
    <ResourceCompile Include="SyncFPSClient.rc" />
  </ItemGroup>
  <ItemGroup>
    <Image Include="Resources\UI\GameCursor.png" />
  </ItemGroup>
  <ItemGroup>
    <None Include="cursor1.cur" />
    <None Include="packages.config" />
  </ItemGroup>
  <ItemGroup>
    <Text Include="Credit.txt" />
    <Text Include="memo.txt" />
    <Text Include="Resources\SDF\commonTextMeta.txt" />
  </ItemGroup>
  <ItemGroup>
    <Filter Include="Shaders">
      <UniqueIdentifier>{24196ad9-85cc-42a8-a9c7-b50621179161}</UniqueIdentifier>
    </Filter>
    <Filter Include="Shaders\AnimationCompute">
      <UniqueIdentifier>{e385297c-8368-4250-b1a4-a7cd5d2b1a54}</UniqueIdentifier>
    </Filter>
    <Filter Include="Shaders\SDF">
      <UniqueIdentifier>{38e6810a-ba5a-4276-984f-428be6a07322}</UniqueIdentifier>
    </Filter>
    <Filter Include="Shaders\Raytracing">
      <UniqueIdentifier>{3ad3b5b8-a6f3-490e-a026-b151cbd2f235}</UniqueIdentifier>
    </Filter>
    <Filter Include="Sources">
      <UniqueIdentifier>{75ceade4-4d01-490f-bca6-79a46393f0c5}</UniqueIdentifier>
    </Filter>
    <Filter Include="Headers">
      <UniqueIdentifier>{f7e71091-521e-4eb7-8400-715aa98b3ff2}</UniqueIdentifier>
    </Filter>
    <Filter Include="Sources\Utill">
      <UniqueIdentifier>{8e4a9c46-c7c8-491b-aa5f-9f2e448afcc1}</UniqueIdentifier>
    </Filter>
    <Filter Include="Headers\Utill">
      <UniqueIdentifier>{85c407d4-e593-470e-a03a-e2b85ce1ca9e}</UniqueIdentifier>
    </Filter>
  </ItemGroup>
</Project>