<?xml version="1.0" encoding="utf-8"?>
<Project ToolsVersion="4.0" xmlns="http://schemas.microsoft.com/developer/msbuild/2003">
  <ItemGroup>
    <Filter Include="소스 파일">
      <UniqueIdentifier>{4FC737F1-C7A5-4376-A066-2A32D752A2FF}</UniqueIdentifier>
      <Extensions>cpp;c;cc;cxx;c++;cppm;ixx;def;odl;idl;hpj;bat;asm;asmx</Extensions>
    </Filter>
    <Filter Include="헤더 파일">
      <UniqueIdentifier>{93995380-89BD-4b04-88EB-625FBE52EBFB}</UniqueIdentifier>
      <Extensions>h;hh;hpp;hxx;h++;hm;inl;inc;ipp;xsd</Extensions>
    </Filter>
    <Filter Include="리소스 파일">
      <UniqueIdentifier>{67DA6AB6-F800-4c08-8B7A-83BB121AAD01}</UniqueIdentifier>
      <Extensions>rc;ico;cur;bmp;dlg;rc2;rct;bin;rgs;gif;jpg;jpeg;jpe;resx;tiff;tif;png;wav;mfcribbon-ms</Extensions>
    </Filter>
  </ItemGroup>
  <ItemGroup>
    <ClCompile Include="main.cpp">
      <Filter>소스 파일</Filter>
    </ClCompile>
    <ClCompile Include="importScene.cpp">
      <Filter>소스 파일</Filter>
    </ClCompile>
    <ClCompile Include="headers\DisplayAnimation.cpp">
      <Filter>헤더 파일</Filter>
    </ClCompile>
    <ClCompile Include="headers\DisplayCache.cpp">
      <Filter>헤더 파일</Filter>
    </ClCompile>
    <ClCompile Include="headers\DisplayCamera.cpp">
      <Filter>헤더 파일</Filter>
    </ClCompile>
    <ClCompile Include="headers\DisplayCommon.cpp">
      <Filter>헤더 파일</Filter>
    </ClCompile>
    <ClCompile Include="headers\DisplayGenericInfo.cpp">
      <Filter>헤더 파일</Filter>
    </ClCompile>
    <ClCompile Include="headers\DisplayGlobalSettings.cpp">
      <Filter>헤더 파일</Filter>
    </ClCompile>
    <ClCompile Include="headers\DisplayHierarchy.cpp">
      <Filter>헤더 파일</Filter>
    </ClCompile>
    <ClCompile Include="headers\DisplayLight.cpp">
      <Filter>헤더 파일</Filter>
    </ClCompile>
    <ClCompile Include="headers\DisplayLink.cpp">
      <Filter>헤더 파일</Filter>
    </ClCompile>
    <ClCompile Include="headers\DisplayLodGroup.cpp">
      <Filter>헤더 파일</Filter>
    </ClCompile>
    <ClCompile Include="headers\DisplayMarker.cpp">
      <Filter>헤더 파일</Filter>
    </ClCompile>
    <ClCompile Include="headers\DisplayMaterial.cpp">
      <Filter>헤더 파일</Filter>
    </ClCompile>
    <ClCompile Include="headers\DisplayMesh.cpp">
      <Filter>헤더 파일</Filter>
    </ClCompile>
    <ClCompile Include="headers\DisplayNurb.cpp">
      <Filter>헤더 파일</Filter>
    </ClCompile>
    <ClCompile Include="headers\DisplayPatch.cpp">
      <Filter>헤더 파일</Filter>
    </ClCompile>
    <ClCompile Include="headers\DisplayPivotsAndLimits.cpp">
      <Filter>헤더 파일</Filter>
    </ClCompile>
    <ClCompile Include="headers\DisplayPose.cpp">
      <Filter>헤더 파일</Filter>
    </ClCompile>
    <ClCompile Include="headers\DisplayShape.cpp">
      <Filter>헤더 파일</Filter>
    </ClCompile>
    <ClCompile Include="headers\DisplaySkeleton.cpp">
      <Filter>헤더 파일</Filter>
    </ClCompile>
    <ClCompile Include="headers\DisplayTexture.cpp">
      <Filter>헤더 파일</Filter>
    </ClCompile>
    <ClCompile Include="headers\DisplayUserProperties.cpp">
      <Filter>헤더 파일</Filter>
    </ClCompile>
    <ClCompile Include="headers\Common.cpp">
      <Filter>헤더 파일</Filter>
    </ClCompile>
  </ItemGroup>
  <ItemGroup>
    <ClInclude Include="headers\DisplayAnimation.h">
      <Filter>헤더 파일</Filter>
    </ClInclude>
    <ClInclude Include="headers\DisplayCache.h">
      <Filter>헤더 파일</Filter>
    </ClInclude>
    <ClInclude Include="headers\DisplayCamera.h">
      <Filter>헤더 파일</Filter>
    </ClInclude>
    <ClInclude Include="headers\DisplayCommon.h">
      <Filter>헤더 파일</Filter>
    </ClInclude>
    <ClInclude Include="headers\DisplayGenericInfo.h">
      <Filter>헤더 파일</Filter>
    </ClInclude>
    <ClInclude Include="headers\DisplayGlobalSettings.h">
      <Filter>헤더 파일</Filter>
    </ClInclude>
    <ClInclude Include="headers\DisplayHierarchy.h">
      <Filter>헤더 파일</Filter>
    </ClInclude>
    <ClInclude Include="headers\DisplayLight.h">
      <Filter>헤더 파일</Filter>
    </ClInclude>
    <ClInclude Include="headers\DisplayLink.h">
      <Filter>헤더 파일</Filter>
    </ClInclude>
    <ClInclude Include="headers\DisplayLodGroup.h">
      <Filter>헤더 파일</Filter>
    </ClInclude>
    <ClInclude Include="headers\DisplayMarker.h">
      <Filter>헤더 파일</Filter>
    </ClInclude>
    <ClInclude Include="headers\DisplayMaterial.h">
      <Filter>헤더 파일</Filter>
    </ClInclude>
    <ClInclude Include="headers\DisplayMesh.h">
      <Filter>헤더 파일</Filter>
    </ClInclude>
    <ClInclude Include="headers\DisplayNurb.h">
      <Filter>헤더 파일</Filter>
    </ClInclude>
    <ClInclude Include="headers\DisplayPatch.h">
      <Filter>헤더 파일</Filter>
    </ClInclude>
    <ClInclude Include="headers\DisplayPivotsAndLimits.h">
      <Filter>헤더 파일</Filter>
    </ClInclude>
    <ClInclude Include="headers\DisplayPose.h">
      <Filter>헤더 파일</Filter>
    </ClInclude>
    <ClInclude Include="headers\DisplayShape.h">
      <Filter>헤더 파일</Filter>
    </ClInclude>
    <ClInclude Include="headers\DisplaySkeleton.h">
      <Filter>헤더 파일</Filter>
    </ClInclude>
    <ClInclude Include="headers\DisplayTexture.h">
      <Filter>헤더 파일</Filter>
    </ClInclude>
    <ClInclude Include="headers\DisplayUserProperties.h">
      <Filter>헤더 파일</Filter>
    </ClInclude>
    <ClInclude Include="headers\Common.h">
      <Filter>헤더 파일</Filter>
    </ClInclude>
    <ClInclude Include="Header.h" />
  </ItemGroup>
</Project>